
Microsoft Visual Studio Solution File, Format Version 12.00
# Visual Studio Version 17
VisualStudioVersion = 17.5.33516.290
MinimumVisualStudioVersion = 10.0.40219.1
Project("{FAE04EC0-301F-11D3-BF4B-00C04F79EFBC}") = "WAD_00011347", "WAD_00011347\WAD_00011347.csproj", "{10A67098-CB12-4EE9-9050-BAD96ED4B043}"
EndProject
Global
	GlobalSection(SolutionConfigurationPlatforms) = preSolution
		Debug|Any CPU = Debug|Any CPU
		Release|Any CPU = Release|Any CPU
	EndGlobalSection
	GlobalSection(ProjectConfigurationPlatforms) = postSolution
		{10A67098-CB12-4EE9-9050-BAD96ED4B043}.Debug|Any CPU.ActiveCfg = Debug|Any CPU
		{10A67098-CB12-4EE9-9050-BAD96ED4B043}.Debug|Any CPU.Build.0 = Debug|Any CPU
		{10A67098-CB12-4EE9-9050-BAD96ED4B043}.Release|Any CPU.ActiveCfg = Release|Any CPU
		{10A67098-CB12-4EE9-9050-BAD96ED4B043}.Release|Any CPU.Build.0 = Release|Any CPU
	EndGlobalSection
	GlobalSection(SolutionProperties) = preSolution
		HideSolutionNode = FALSE
	EndGlobalSection
	GlobalSection(ExtensibilityGlobals) = postSolution
		SolutionGuid = {E045AEDF-47E2-48ED-B2A5-440E2DFF3CD8}
	EndGlobalSection
EndGlobal
